Microsoft Visual Studio Solution File, Format Version 12.00
# Visual Studio Version 16
VisualStudioVersion = 16.0.0.0
MinimumVisualStudioVersion = 16.0.0.0
Project("{9A19103F-16F7-4668-BE54-9A1E7A4F7556}") = "BlazorOidcApp", "BlazorOidcApp\BlazorOidcApp.csproj", "{CFD7BC78-E8A7-4F68-9F46-C344113D895A}"
EndProject
Project("{9A19103F-16F7-4668-BE54-9A1E7A4F7556}") = "BlazorOidcApp.Client", "BlazorOidcApp.Client\BlazorOidcApp.Client.csproj", "{49DA9C82-8EE2-4BD4-9D98-3AB56D5262BC}"
EndProject
Global
	GlobalSection(SolutionConfigurationPlatforms) = preSolution
		Debug|Any CPU = Debug|Any CPU
		Debug|x64 = Debug|x64
		Debug|x86 = Debug|x86
		Release|Any CPU = Release|Any CPU
		Release|x64 = Release|x64
		Release|x86 = Release|x86
	EndGlobalSection
	GlobalSection(ProjectConfigurationPlatforms) = postSolution
		{49DA9C82-8EE2-4BD4-9D98-3AB56D5262BC}.Debug|Any CPU.ActiveCfg = Debug|Any CPU
		{49DA9C82-8EE2-4BD4-9D98-3AB56D5262BC}.Debug|Any CPU.Build.0 = Debug|Any CPU
		{49DA9C82-8EE2-4BD4-9D98-3AB56D5262BC}.Debug|x64.ActiveCfg = Debug|Any CPU
		{49DA9C82-8EE2-4BD4-9D98-3AB56D5262BC}.Debug|x64.Build.0 = Debug|Any CPU
		{49DA9C82-8EE2-4BD4-9D98-3AB56D5262BC}.Debug|x86.ActiveCfg = Debug|Any CPU
		{49DA9C82-8EE2-4BD4-9D98-3AB56D5262BC}.Debug|x86.Build.0 = Debug|Any CPU
		{49DA9C82-8EE2-4BD4-9D98-3AB56D5262BC}.Release|Any CPU.ActiveCfg = Release|Any CPU
		{49DA9C82-8EE2-4BD4-9D98-3AB56D5262BC}.Release|Any CPU.Build.0 = Release|Any CPU
		{49DA9C82-8EE2-4BD4-9D98-3AB56D5262BC}.Release|x64.ActiveCfg = Release|Any CPU
		{49DA9C82-8EE2-4BD4-9D98-3AB56D5262BC}.Release|x64.Build.0 = Release|Any CPU
		{49DA9C82-8EE2-4BD4-9D98-3AB56D5262BC}.Release|x86.ActiveCfg = Release|Any CPU
		{49DA9C82-8EE2-4BD4-9D98-3AB56D5262BC}.Release|x86.Build.0 = Release|Any CPU
		{CFD7BC78-E8A7-4F68-9F46-C344113D895A}.Debug|Any CPU.ActiveCfg = Debug|Any CPU
		{CFD7BC78-E8A7-4F68-9F46-C344113D895A}.Debug|Any CPU.Build.0 = Debug|Any CPU
		{CFD7BC78-E8A7-4F68-9F46-C344113D895A}.Debug|x64.ActiveCfg = Debug|Any CPU
		{CFD7BC78-E8A7-4F68-9F46-C344113D895A}.Debug|x64.Build.0 = Debug|Any CPU
		{CFD7BC78-E8A7-4F68-9F46-C344113D895A}.Debug|x86.ActiveCfg = Debug|Any CPU
		{CFD7BC78-E8A7-4F68-9F46-C344113D895A}.Debug|x86.Build.0 = Debug|Any CPU
		{CFD7BC78-E8A7-4F68-9F46-C344113D895A}.Release|Any CPU.ActiveCfg = Release|Any CPU
		{CFD7BC78-E8A7-4F68-9F46-C344113D895A}.Release|Any CPU.Build.0 = Release|Any CPU
		{CFD7BC78-E8A7-4F68-9F46-C344113D895A}.Release|x64.ActiveCfg = Release|Any CPU
		{CFD7BC78-E8A7-4F68-9F46-C344113D895A}.Release|x64.Build.0 = Release|Any CPU
		{CFD7BC78-E8A7-4F68-9F46-C344113D895A}.Release|x86.ActiveCfg = Release|Any CPU
		{CFD7BC78-E8A7-4F68-9F46-C344113D895A}.Release|x86.Build.0 = Release|Any CPU
	EndGlobalSection
	GlobalSection(SolutionProperties) = preSolution
		HideSolutionNode = FALSE
	EndGlobalSection
	GlobalSection(ExtensibilityGlobals) = postSolution
		SolutionGuid = {52453F7F-6B02-4FCA-B722-CDABF366C4B7}
	EndGlobalSection
EndGlobal
